// !$*UTF8*$!
{
	archiveVersion = 1;
	classes = {
	};
	objectVersion = 46;
	objects = {

/* Begin PBXBuildFile section */
		1E09D4B2A93AFA107C409D77 /* Pods_MVVMTestProject.framework in Frameworks */ = {isa = PBXBuildFile; fileRef = 0193A7D07833C182086D3DB8 /* Pods_MVVMTestProject.framework */; };
		3B8A4C05F68FE42DA77783A2 /* Pods_MVVMTestProjectTests.framework in Frameworks */ = {isa = PBXBuildFile; fileRef = 687B694ADEF59B9CD1B1AE88 /* Pods_MVVMTestProjectTests.framework */; };
		9487B6CA1D8AC4450016432F /* SeasonTableViewCell.swift in Sources */ = {isa = PBXBuildFile; fileRef = 9487B6C91D8AC4450016432F /* SeasonTableViewCell.swift */; };
		94924C0F1D82C79D00CA286E /* AppDelegate.swift in Sources */ = {isa = PBXBuildFile; fileRef = 94924C0E1D82C79D00CA286E /* AppDelegate.swift */; };
		94924C111D82C79D00CA286E /* SeasonsViewController.swift in Sources */ = {isa = PBXBuildFile; fileRef = 94924C101D82C79D00CA286E /* SeasonsViewController.swift */; };
		94924C141D82C79D00CA286E /* Main.storyboard in Resources */ = {isa = PBXBuildFile; fileRef = 94924C121D82C79D00CA286E /* Main.storyboard */; };
		94924C161D82C79D00CA286E /* Assets.xcassets in Resources */ = {isa = PBXBuildFile; fileRef = 94924C151D82C79D00CA286E /* Assets.xcassets */; };
		94924C191D82C79D00CA286E /* LaunchScreen.storyboard in Resources */ = {isa = PBXBuildFile; fileRef = 94924C171D82C79D00CA286E /* LaunchScreen.storyboard */; };
		94924C211D82C80400CA286E /* SeasonsTableViewModel.swift in Sources */ = {isa = PBXBuildFile; fileRef = 94924C201D82C80400CA286E /* SeasonsTableViewModel.swift */; };
		94924C231D82C89200CA286E /* SeasonService.swift in Sources */ = {isa = PBXBuildFile; fileRef = 94924C221D82C89200CA286E /* SeasonService.swift */; };
		94924C251D82D60700CA286E /* SeasonDetailViewController.swift in Sources */ = {isa = PBXBuildFile; fileRef = 94924C241D82D60700CA286E /* SeasonDetailViewController.swift */; };
		94924C271D82D6BE00CA286E /* EpisodeDetailViewModel.swift in Sources */ = {isa = PBXBuildFile; fileRef = 94924C261D82D6BE00CA286E /* EpisodeDetailViewModel.swift */; };
		949B8DEE1D8EFC9C0024D38E /* EpisodeCreateViewController.swift in Sources */ = {isa = PBXBuildFile; fileRef = 949B8DED1D8EFC9C0024D38E /* EpisodeCreateViewController.swift */; };
		949B8DF01D8EFCFD0024D38E /* EpisodeCreateViewModel.swift in Sources */ = {isa = PBXBuildFile; fileRef = 949B8DEF1D8EFCFD0024D38E /* EpisodeCreateViewModel.swift */; };
		949B8DF11D8F03F90024D38E /* EpisodeCreateViewModel.swift in Sources */ = {isa = PBXBuildFile; fileRef = 949B8DEF1D8EFCFD0024D38E /* EpisodeCreateViewModel.swift */; };
		949B8DF31D8FBC4D0024D38E /* EpisodeEditViewModel.swift in Sources */ = {isa = PBXBuildFile; fileRef = 949B8DF21D8FBC4D0024D38E /* EpisodeEditViewModel.swift */; };
		94AE308A1D86B5DC0020A99C /* MVVMTestProjectTests.swift in Sources */ = {isa = PBXBuildFile; fileRef = 94AE30891D86B5DC0020A99C /* MVVMTestProjectTests.swift */; };
		94AE30931D86B64A0020A99C /* SeasonService.swift in Sources */ = {isa = PBXBuildFile; fileRef = 94924C221D82C89200CA286E /* SeasonService.swift */; };
		94AE30961D86CDF00020A99C /* SeasonDetailViewModel.swift in Sources */ = {isa = PBXBuildFile; fileRef = 94AE30951D86CDF00020A99C /* SeasonDetailViewModel.swift */; };
		94AE309B1D86CECA0020A99C /* Model.swift in Sources */ = {isa = PBXBuildFile; fileRef = 94AE309A1D86CECA0020A99C /* Model.swift */; };
		94AE309C1D86CED30020A99C /* Model.swift in Sources */ = {isa = PBXBuildFile; fileRef = 94AE309A1D86CECA0020A99C /* Model.swift */; };
		94AE309E1D86CED90020A99C /* SeasonsTableViewModel.swift in Sources */ = {isa = PBXBuildFile; fileRef = 94924C201D82C80400CA286E /* SeasonsTableViewModel.swift */; };
		94AE309F1D86CED90020A99C /* SeasonDetailViewModel.swift in Sources */ = {isa = PBXBuildFile; fileRef = 94AE30951D86CDF00020A99C /* SeasonDetailViewModel.swift */; };
		94AE30A01D86CED90020A99C /* EpisodeDetailViewModel.swift in Sources */ = {isa = PBXBuildFile; fileRef = 94924C261D82D6BE00CA286E /* EpisodeDetailViewModel.swift */; };
		D0863F6E1E67F26200DD044C /* ServiceHolder.swift in Sources */ = {isa = PBXBuildFile; fileRef = D0D651221DCE56720063853A /* ServiceHolder.swift */; };
		D0863F701E67FDB500DD044C /* AnotherControllerCoordinator.swift in Sources */ = {isa = PBXBuildFile; fileRef = D0863F6F1E67FDB500DD044C /* AnotherControllerCoordinator.swift */; };
		D0863F721E67FDF400DD044C /* AnotherViewController.swift in Sources */ = {isa = PBXBuildFile; fileRef = D0863F711E67FDF400DD044C /* AnotherViewController.swift */; };
		D0863F741E67FE2F00DD044C /* AnotherViewController.storyboard in Resources */ = {isa = PBXBuildFile; fileRef = D0863F731E67FE2F00DD044C /* AnotherViewController.storyboard */; };
		D0B926241DA6DD650055EAD9 /* TabBarCoordinator.swift in Sources */ = {isa = PBXBuildFile; fileRef = D0B926231DA6DD650055EAD9 /* TabBarCoordinator.swift */; };
		D0D651231DCE56720063853A /* ServiceHolder.swift in Sources */ = {isa = PBXBuildFile; fileRef = D0D651221DCE56720063853A /* ServiceHolder.swift */; };
		D0E8AA201D9832B5007EC517 /* Coordinator.swift in Sources */ = {isa = PBXBuildFile; fileRef = D0E8AA1D1D9832B5007EC517 /* Coordinator.swift */; };
		D0E8AA211D9832B5007EC517 /* SeasonDetailCoordinator.swift in Sources */ = {isa = PBXBuildFile; fileRef = D0E8AA1E1D9832B5007EC517 /* SeasonDetailCoordinator.swift */; };
		D0E8AA221D9832B5007EC517 /* SeasonsCoordinator.swift in Sources */ = {isa = PBXBuildFile; fileRef = D0E8AA1F1D9832B5007EC517 /* SeasonsCoordinator.swift */; };
		D0E8AA241D983395007EC517 /* BaseController.swift in Sources */ = {isa = PBXBuildFile; fileRef = D0E8AA231D983395007EC517 /* BaseController.swift */; };
		D0E8AA261D9833B8007EC517 /* AppCoordinator.swift in Sources */ = {isa = PBXBuildFile; fileRef = D0E8AA251D9833B8007EC517 /* AppCoordinator.swift */; };
		D0E8AA281D984048007EC517 /* EpisodeCreateCoordinator.swift in Sources */ = {isa = PBXBuildFile; fileRef = D0E8AA271D984048007EC517 /* EpisodeCreateCoordinator.swift */; };
/* End PBXBuildFile section */

/* Begin PBXContainerItemProxy section */
		94AE308C1D86B5DC0020A99C /* PBXContainerItemProxy */ = {
			isa = PBXContainerItemProxy;
			containerPortal = 94924C031D82C79D00CA286E /* Project object */;
			proxyType = 1;
			remoteGlobalIDString = 94924C0A1D82C79D00CA286E;
			remoteInfo = testMVVM;
		};
/* End PBXContainerItemProxy section */

/* Begin PBXFileReference section */
		0193A7D07833C182086D3DB8 /* Pods_MVVMTestProject.framework */ = {isa = PBXFileReference; explicitFileType = wrapper.framework; includeInIndex = 0; path = Pods_MVVMTestProject.framework; sourceTree = BUILT_PRODUCTS_DIR; };
		2EFA1A9038D97ED37AD61A9C /* Pods-MVVMTestProjectTests.release.xcconfig */ = {isa = PBXFileReference; includeInIndex = 1; lastKnownFileType = text.xcconfig; name = "Pods-MVVMTestProjectTests.release.xcconfig"; path = "Pods/Target Support Files/Pods-MVVMTestProjectTests/Pods-MVVMTestProjectTests.release.xcconfig"; sourceTree = "<group>"; };
		65BAE66753DFA66F9241D092 /* Pods-MVVMTestProject.debug.xcconfig */ = {isa = PBXFileReference; includeInIndex = 1; lastKnownFileType = text.xcconfig; name = "Pods-MVVMTestProject.debug.xcconfig"; path = "Pods/Target Support Files/Pods-MVVMTestProject/Pods-MVVMTestProject.debug.xcconfig"; sourceTree = "<group>"; };
		687B694ADEF59B9CD1B1AE88 /* Pods_MVVMTestProjectTests.framework */ = {isa = PBXFileReference; explicitFileType = wrapper.framework; includeInIndex = 0; path = Pods_MVVMTestProjectTests.framework; sourceTree = BUILT_PRODUCTS_DIR; };
		9487B6C91D8AC4450016432F /* SeasonTableViewCell.swift */ = {isa = PBXFileReference; fileEncoding = 4; lastKnownFileType = sourcecode.swift; path = SeasonTableViewCell.swift; sourceTree = "<group>"; };
		94924C0B1D82C79D00CA286E /* MVVMTestProject.app */ = {isa = PBXFileReference; explicitFileType = wrapper.application; includeInIndex = 0; path = MVVMTestProject.app; sourceTree = BUILT_PRODUCTS_DIR; };
		94924C0E1D82C79D00CA286E /* AppDelegate.swift */ = {isa = PBXFileReference; lastKnownFileType = sourcecode.swift; path = AppDelegate.swift; sourceTree = "<group>"; };
		94924C101D82C79D00CA286E /* SeasonsViewController.swift */ = {isa = PBXFileReference; lastKnownFileType = sourcecode.swift; path = SeasonsViewController.swift; sourceTree = "<group>"; };
		94924C131D82C79D00CA286E /* Base */ = {isa = PBXFileReference; lastKnownFileType = file.storyboard; name = Base; path = Base.lproj/Main.storyboard; sourceTree = "<group>"; };
		94924C151D82C79D00CA286E /* Assets.xcassets */ = {isa = PBXFileReference; lastKnownFileType = folder.assetcatalog; path = Assets.xcassets; sourceTree = "<group>"; };
		94924C181D82C79D00CA286E /* Base */ = {isa = PBXFileReference; lastKnownFileType = file.storyboard; name = Base; path = Base.lproj/LaunchScreen.storyboard; sourceTree = "<group>"; };
		94924C1A1D82C79D00CA286E /* Info.plist */ = {isa = PBXFileReference; lastKnownFileType = text.plist.xml; path = Info.plist; sourceTree = "<group>"; };
		94924C201D82C80400CA286E /* SeasonsTableViewModel.swift */ = {isa = PBXFileReference; fileEncoding = 4; lastKnownFileType = sourcecode.swift; path = SeasonsTableViewModel.swift; sourceTree = "<group>"; };
		94924C221D82C89200CA286E /* SeasonService.swift */ = {isa = PBXFileReference; fileEncoding = 4; lastKnownFileType = sourcecode.swift; path = SeasonService.swift; sourceTree = "<group>"; };
		94924C241D82D60700CA286E /* SeasonDetailViewController.swift */ = {isa = PBXFileReference; fileEncoding = 4; lastKnownFileType = sourcecode.swift; path = SeasonDetailViewController.swift; sourceTree = "<group>"; };
		94924C261D82D6BE00CA286E /* EpisodeDetailViewModel.swift */ = {isa = PBXFileReference; fileEncoding = 4; lastKnownFileType = sourcecode.swift; path = EpisodeDetailViewModel.swift; sourceTree = "<group>"; };
		949B8DED1D8EFC9C0024D38E /* EpisodeCreateViewController.swift */ = {isa = PBXFileReference; fileEncoding = 4; lastKnownFileType = sourcecode.swift; path = EpisodeCreateViewController.swift; sourceTree = "<group>"; };
		949B8DEF1D8EFCFD0024D38E /* EpisodeCreateViewModel.swift */ = {isa = PBXFileReference; fileEncoding = 4; lastKnownFileType = sourcecode.swift; path = EpisodeCreateViewModel.swift; sourceTree = "<group>"; };
		949B8DF21D8FBC4D0024D38E /* EpisodeEditViewModel.swift */ = {isa = PBXFileReference; fileEncoding = 4; lastKnownFileType = sourcecode.swift; path = EpisodeEditViewModel.swift; sourceTree = "<group>"; };
		94AE30871D86B5DC0020A99C /* MVVMTestProjectTests.xctest */ = {isa = PBXFileReference; explicitFileType = wrapper.cfbundle; includeInIndex = 0; path = MVVMTestProjectTests.xctest; sourceTree = BUILT_PRODUCTS_DIR; };
		94AE30891D86B5DC0020A99C /* MVVMTestProjectTests.swift */ = {isa = PBXFileReference; lastKnownFileType = sourcecode.swift; path = MVVMTestProjectTests.swift; sourceTree = "<group>"; };
		94AE308B1D86B5DC0020A99C /* Info.plist */ = {isa = PBXFileReference; lastKnownFileType = text.plist.xml; path = Info.plist; sourceTree = "<group>"; };
		94AE30951D86CDF00020A99C /* SeasonDetailViewModel.swift */ = {isa = PBXFileReference; fileEncoding = 4; lastKnownFileType = sourcecode.swift; path = SeasonDetailViewModel.swift; sourceTree = "<group>"; };
		94AE309A1D86CECA0020A99C /* Model.swift */ = {isa = PBXFileReference; fileEncoding = 4; lastKnownFileType = sourcecode.swift; path = Model.swift; sourceTree = "<group>"; };
		A04F71B848679EA3ABB8CCCA /* Pods-MVVMTestProject.release.xcconfig */ = {isa = PBXFileReference; includeInIndex = 1; lastKnownFileType = text.xcconfig; name = "Pods-MVVMTestProject.release.xcconfig"; path = "Pods/Target Support Files/Pods-MVVMTestProject/Pods-MVVMTestProject.release.xcconfig"; sourceTree = "<group>"; };
		B35CED9192716535E7A9BB15 /* Pods-MVVMTestProjectTests.debug.xcconfig */ = {isa = PBXFileReference; includeInIndex = 1; lastKnownFileType = text.xcconfig; name = "Pods-MVVMTestProjectTests.debug.xcconfig"; path = "Pods/Target Support Files/Pods-MVVMTestProjectTests/Pods-MVVMTestProjectTests.debug.xcconfig"; sourceTree = "<group>"; };
		D0863F6F1E67FDB500DD044C /* AnotherControllerCoordinator.swift */ = {isa = PBXFileReference; fileEncoding = 4; lastKnownFileType = sourcecode.swift; path = AnotherControllerCoordinator.swift; sourceTree = "<group>"; };
		D0863F711E67FDF400DD044C /* AnotherViewController.swift */ = {isa = PBXFileReference; fileEncoding = 4; lastKnownFileType = sourcecode.swift; path = AnotherViewController.swift; sourceTree = "<group>"; };
		D0863F731E67FE2F00DD044C /* AnotherViewController.storyboard */ = {isa = PBXFileReference; fileEncoding = 4; lastKnownFileType = file.storyboard; path = AnotherViewController.storyboard; sourceTree = "<group>"; };
		D0B926231DA6DD650055EAD9 /* TabBarCoordinator.swift */ = {isa = PBXFileReference; fileEncoding = 4; lastKnownFileType = sourcecode.swift; path = TabBarCoordinator.swift; sourceTree = "<group>"; };
		D0D651221DCE56720063853A /* ServiceHolder.swift */ = {isa = PBXFileReference; fileEncoding = 4; lastKnownFileType = sourcecode.swift; path = ServiceHolder.swift; sourceTree = "<group>"; };
		D0E8AA1D1D9832B5007EC517 /* Coordinator.swift */ = {isa = PBXFileReference; fileEncoding = 4; lastKnownFileType = sourcecode.swift; path = Coordinator.swift; sourceTree = "<group>"; };
		D0E8AA1E1D9832B5007EC517 /* SeasonDetailCoordinator.swift */ = {isa = PBXFileReference; fileEncoding = 4; lastKnownFileType = sourcecode.swift; path = SeasonDetailCoordinator.swift; sourceTree = "<group>"; };
		D0E8AA1F1D9832B5007EC517 /* SeasonsCoordinator.swift */ = {isa = PBXFileReference; fileEncoding = 4; lastKnownFileType = sourcecode.swift; path = SeasonsCoordinator.swift; sourceTree = "<group>"; };
		D0E8AA231D983395007EC517 /* BaseController.swift */ = {isa = PBXFileReference; fileEncoding = 4; lastKnownFileType = sourcecode.swift; path = BaseController.swift; sourceTree = "<group>"; };
		D0E8AA251D9833B8007EC517 /* AppCoordinator.swift */ = {isa = PBXFileReference; fileEncoding = 4; lastKnownFileType = sourcecode.swift; path = AppCoordinator.swift; sourceTree = "<group>"; };
		D0E8AA271D984048007EC517 /* EpisodeCreateCoordinator.swift */ = {isa = PBXFileReference; fileEncoding = 4; lastKnownFileType = sourcecode.swift; path = EpisodeCreateCoordinator.swift; sourceTree = "<group>"; };
/* End PBXFileReference section */

/* Begin PBXFrameworksBuildPhase section */
		94924C081D82C79D00CA286E /* Frameworks */ = {
			isa = PBXFrameworksBuildPhase;
			buildActionMask = 2147483647;
			files = (
				1E09D4B2A93AFA107C409D77 /* Pods_MVVMTestProject.framework in Frameworks */,
			);
			runOnlyForDeploymentPostprocessing = 0;
		};
		94AE30841D86B5DC0020A99C /* Frameworks */ = {
			isa = PBXFrameworksBuildPhase;
			buildActionMask = 2147483647;
			files = (
				3B8A4C05F68FE42DA77783A2 /* Pods_MVVMTestProjectTests.framework in Frameworks */,
			);
			runOnlyForDeploymentPostprocessing = 0;
		};
/* End PBXFrameworksBuildPhase section */

/* Begin PBXGroup section */
		16DAE9F9449DD41B1B99D96B /* Frameworks */ = {
			isa = PBXGroup;
			children = (
				0193A7D07833C182086D3DB8 /* Pods_MVVMTestProject.framework */,
				687B694ADEF59B9CD1B1AE88 /* Pods_MVVMTestProjectTests.framework */,
			);
			name = Frameworks;
			sourceTree = "<group>";
		};
		6EEF5167D9D0FC20B3621F92 /* Pods */ = {
			isa = PBXGroup;
			children = (
				65BAE66753DFA66F9241D092 /* Pods-MVVMTestProject.debug.xcconfig */,
				A04F71B848679EA3ABB8CCCA /* Pods-MVVMTestProject.release.xcconfig */,
				B35CED9192716535E7A9BB15 /* Pods-MVVMTestProjectTests.debug.xcconfig */,
				2EFA1A9038D97ED37AD61A9C /* Pods-MVVMTestProjectTests.release.xcconfig */,
			);
			name = Pods;
			sourceTree = "<group>";
		};
		94924C021D82C79D00CA286E = {
			isa = PBXGroup;
			children = (
				94924C0D1D82C79D00CA286E /* testMVVM */,
				94AE30881D86B5DC0020A99C /* MVVMTestProjectTests */,
				94924C0C1D82C79D00CA286E /* Products */,
				6EEF5167D9D0FC20B3621F92 /* Pods */,
				16DAE9F9449DD41B1B99D96B /* Frameworks */,
			);
			sourceTree = "<group>";
		};
		94924C0C1D82C79D00CA286E /* Products */ = {
			isa = PBXGroup;
			children = (
				94924C0B1D82C79D00CA286E /* MVVMTestProject.app */,
				94AE30871D86B5DC0020A99C /* MVVMTestProjectTests.xctest */,
			);
			name = Products;
			sourceTree = "<group>";
		};
		94924C0D1D82C79D00CA286E /* testMVVM */ = {
			isa = PBXGroup;
			children = (
				94924C0E1D82C79D00CA286E /* AppDelegate.swift */,
				94AE30981D86CEA50020A99C /* Services */,
				D0E8AA1C1D983279007EC517 /* Coordinator */,
				94AE30971D86CE410020A99C /* View */,
				94AE30941D86CD360020A99C /* ViewModel */,
				94AE30991D86CEB40020A99C /* Model */,
				94924C121D82C79D00CA286E /* Main.storyboard */,
				D0863F731E67FE2F00DD044C /* AnotherViewController.storyboard */,
				94924C151D82C79D00CA286E /* Assets.xcassets */,
				94924C171D82C79D00CA286E /* LaunchScreen.storyboard */,
				94924C1A1D82C79D00CA286E /* Info.plist */,
			);
			path = testMVVM;
			sourceTree = "<group>";
		};
		94AE30881D86B5DC0020A99C /* MVVMTestProjectTests */ = {
			isa = PBXGroup;
			children = (
				94AE30891D86B5DC0020A99C /* MVVMTestProjectTests.swift */,
				94AE308B1D86B5DC0020A99C /* Info.plist */,
			);
			name = MVVMTestProjectTests;
			path = testMVVMTests;
			sourceTree = "<group>";
		};
		94AE30941D86CD360020A99C /* ViewModel */ = {
			isa = PBXGroup;
			children = (
				94924C201D82C80400CA286E /* SeasonsTableViewModel.swift */,
				94AE30951D86CDF00020A99C /* SeasonDetailViewModel.swift */,
				94924C261D82D6BE00CA286E /* EpisodeDetailViewModel.swift */,
				949B8DEF1D8EFCFD0024D38E /* EpisodeCreateViewModel.swift */,
				949B8DF21D8FBC4D0024D38E /* EpisodeEditViewModel.swift */,
			);
			name = ViewModel;
			sourceTree = "<group>";
		};
		94AE30971D86CE410020A99C /* View */ = {
			isa = PBXGroup;
			children = (
				D0E8AA231D983395007EC517 /* BaseController.swift */,
				94924C101D82C79D00CA286E /* SeasonsViewController.swift */,
				9487B6C91D8AC4450016432F /* SeasonTableViewCell.swift */,
				94924C241D82D60700CA286E /* SeasonDetailViewController.swift */,
				949B8DED1D8EFC9C0024D38E /* EpisodeCreateViewController.swift */,
				D0863F711E67FDF400DD044C /* AnotherViewController.swift */,
			);
			name = View;
			sourceTree = "<group>";
		};
		94AE30981D86CEA50020A99C /* Services */ = {
			isa = PBXGroup;
			children = (
				94924C221D82C89200CA286E /* SeasonService.swift */,
				D0D651221DCE56720063853A /* ServiceHolder.swift */,
			);
			name = Services;
			sourceTree = "<group>";
		};
		94AE30991D86CEB40020A99C /* Model */ = {
			isa = PBXGroup;
			children = (
				94AE309A1D86CECA0020A99C /* Model.swift */,
			);
			name = Model;
			sourceTree = "<group>";
		};
		D0E8AA1C1D983279007EC517 /* Coordinator */ = {
			isa = PBXGroup;
			children = (
				D0E8AA1D1D9832B5007EC517 /* Coordinator.swift */,
				D0E8AA251D9833B8007EC517 /* AppCoordinator.swift */,
				D0B926231DA6DD650055EAD9 /* TabBarCoordinator.swift */,
				D0E8AA1F1D9832B5007EC517 /* SeasonsCoordinator.swift */,
				D0E8AA1E1D9832B5007EC517 /* SeasonDetailCoordinator.swift */,
				D0E8AA271D984048007EC517 /* EpisodeCreateCoordinator.swift */,
				D0863F6F1E67FDB500DD044C /* AnotherControllerCoordinator.swift */,
			);
			name = Coordinator;
			sourceTree = "<group>";
		};
/* End PBXGroup section */

/* Begin PBXNativeTarget section */
		94924C0A1D82C79D00CA286E /* MVVMTestProject */ = {
			isa = PBXNativeTarget;
			buildConfigurationList = 94924C1D1D82C79D00CA286E /* Build configuration list for PBXNativeTarget "MVVMTestProject" */;
			buildPhases = (
				7A3822A4196FEFADBFBD84E7 /* [CP] Check Pods Manifest.lock */,
				94924C071D82C79D00CA286E /* Sources */,
				94924C081D82C79D00CA286E /* Frameworks */,
				94924C091D82C79D00CA286E /* Resources */,
				0DFE33EC3F4DD1385F8E2307 /* [CP] Embed Pods Frameworks */,
				4035170A0F95D1F1FEE1C430 /* [CP] Copy Pods Resources */,
			);
			buildRules = (
			);
			dependencies = (
			);
			name = MVVMTestProject;
			productName = testMVVM;
			productReference = 94924C0B1D82C79D00CA286E /* MVVMTestProject.app */;
			productType = "com.apple.product-type.application";
		};
		94AE30861D86B5DC0020A99C /* MVVMTestProjectTests */ = {
			isa = PBXNativeTarget;
			buildConfigurationList = 94AE30901D86B5DD0020A99C /* Build configuration list for PBXNativeTarget "MVVMTestProjectTests" */;
			buildPhases = (
				0191613593A86AFDAC52A234 /* [CP] Check Pods Manifest.lock */,
				94AE30831D86B5DC0020A99C /* Sources */,
				94AE30841D86B5DC0020A99C /* Frameworks */,
				94AE30851D86B5DC0020A99C /* Resources */,
				37D72A51C0449676B9664D5F /* [CP] Embed Pods Frameworks */,
				0428B6324D7FA9D79DEC2D85 /* [CP] Copy Pods Resources */,
			);
			buildRules = (
			);
			dependencies = (
				94AE308D1D86B5DC0020A99C /* PBXTargetDependency */,
			);
			name = MVVMTestProjectTests;
			productName = testMVVMTests;
			productReference = 94AE30871D86B5DC0020A99C /* MVVMTestProjectTests.xctest */;
			productType = "com.apple.product-type.bundle.unit-test";
		};
/* End PBXNativeTarget section */

/* Begin PBXProject section */
		94924C031D82C79D00CA286E /* Project object */ = {
			isa = PBXProject;
			attributes = {
				LastSwiftUpdateCheck = 0730;
				LastUpgradeCheck = 0800;
				ORGANIZATIONNAME = "Martin Pinka";
				TargetAttributes = {
					94924C0A1D82C79D00CA286E = {
						CreatedOnToolsVersion = 7.3.1;
						DevelopmentTeam = LLW79T3K9U;
						LastSwiftMigration = 0800;
					};
					94AE30861D86B5DC0020A99C = {
						CreatedOnToolsVersion = 7.3.1;
						LastSwiftMigration = 0800;
						TestTargetID = 94924C0A1D82C79D00CA286E;
					};
				};
			};
			buildConfigurationList = 94924C061D82C79D00CA286E /* Build configuration list for PBXProject "MVVMTestProject" */;
			compatibilityVersion = "Xcode 3.2";
			developmentRegion = English;
			hasScannedForEncodings = 0;
			knownRegions = (
				en,
				Base,
			);
			mainGroup = 94924C021D82C79D00CA286E;
			productRefGroup = 94924C0C1D82C79D00CA286E /* Products */;
			projectDirPath = "";
			projectRoot = "";
			targets = (
				94924C0A1D82C79D00CA286E /* MVVMTestProject */,
				94AE30861D86B5DC0020A99C /* MVVMTestProjectTests */,
			);
		};
/* End PBXProject section */

/* Begin PBXResourcesBuildPhase section */
		94924C091D82C79D00CA286E /* Resources */ = {
			isa = PBXResourcesBuildPhase;
			buildActionMask = 2147483647;
			files = (
				94924C191D82C79D00CA286E /* LaunchScreen.storyboard in Resources */,
				94924C161D82C79D00CA286E /* Assets.xcassets in Resources */,
				D0863F741E67FE2F00DD044C /* AnotherViewController.storyboard in Resources */,
				94924C141D82C79D00CA286E /* Main.storyboard in Resources */,
			);
			runOnlyForDeploymentPostprocessing = 0;
		};
		94AE30851D86B5DC0020A99C /* Resources */ = {
			isa = PBXResourcesBuildPhase;
			buildActionMask = 2147483647;
			files = (
			);
			runOnlyForDeploymentPostprocessing = 0;
		};
/* End PBXResourcesBuildPhase section */

/* Begin PBXShellScriptBuildPhase section */
		0191613593A86AFDAC52A234 /* [CP] Check Pods Manifest.lock */ = {
			isa = PBXShellScriptBuildPhase;
			buildActionMask = 2147483647;
			files = (
			);
			inputPaths = (
			);
			name = "[CP] Check Pods Manifest.lock";
			outputPaths = (
			);
			runOnlyForDeploymentPostprocessing = 0;
			shellPath = /bin/sh;
			shellScript = "diff \"${PODS_ROOT}/../Podfile.lock\" \"${PODS_ROOT}/Manifest.lock\" > /dev/null\nif [ $? != 0 ] ; then\n    # print error to STDERR\n    echo \"error: The sandbox is not in sync with the Podfile.lock. Run 'pod install' or update your CocoaPods installation.\" >&2\n    exit 1\nfi\n";
			showEnvVarsInLog = 0;
		};
		0428B6324D7FA9D79DEC2D85 /* [CP] Copy Pods Resources */ = {
			isa = PBXShellScriptBuildPhase;
			buildActionMask = 2147483647;
			files = (
			);
			inputPaths = (
			);
			name = "[CP] Copy Pods Resources";
			outputPaths = (
			);
			runOnlyForDeploymentPostprocessing = 0;
			shellPath = /bin/sh;
			shellScript = "\"${SRCROOT}/Pods/Target Support Files/Pods-MVVMTestProjectTests/Pods-MVVMTestProjectTests-resources.sh\"\n";
			showEnvVarsInLog = 0;
		};
		0DFE33EC3F4DD1385F8E2307 /* [CP] Embed Pods Frameworks */ = {
			isa = PBXShellScriptBuildPhase;
			buildActionMask = 2147483647;
			files = (
			);
			inputPaths = (
			);
			name = "[CP] Embed Pods Frameworks";
			outputPaths = (
			);
			runOnlyForDeploymentPostprocessing = 0;
			shellPath = /bin/sh;
			shellScript = "\"${SRCROOT}/Pods/Target Support Files/Pods-MVVMTestProject/Pods-MVVMTestProject-frameworks.sh\"\n";
			showEnvVarsInLog = 0;
		};
		37D72A51C0449676B9664D5F /* [CP] Embed Pods Frameworks */ = {
			isa = PBXShellScriptBuildPhase;
			buildActionMask = 2147483647;
			files = (
			);
			inputPaths = (
			);
			name = "[CP] Embed Pods Frameworks";
			outputPaths = (
			);
			runOnlyForDeploymentPostprocessing = 0;
			shellPath = /bin/sh;
			shellScript = "\"${SRCROOT}/Pods/Target Support Files/Pods-MVVMTestProjectTests/Pods-MVVMTestProjectTests-frameworks.sh\"\n";
			showEnvVarsInLog = 0;
		};
		4035170A0F95D1F1FEE1C430 /* [CP] Copy Pods Resources */ = {
			isa = PBXShellScriptBuildPhase;
			buildActionMask = 2147483647;
			files = (
			);
			inputPaths = (
			);
			name = "[CP] Copy Pods Resources";
			outputPaths = (
			);
			runOnlyForDeploymentPostprocessing = 0;
			shellPath = /bin/sh;
			shellScript = "\"${SRCROOT}/Pods/Target Support Files/Pods-MVVMTestProject/Pods-MVVMTestProject-resources.sh\"\n";
			showEnvVarsInLog = 0;
		};
		7A3822A4196FEFADBFBD84E7 /* [CP] Check Pods Manifest.lock */ = {
			isa = PBXShellScriptBuildPhase;
			buildActionMask = 2147483647;
			files = (
			);
			inputPaths = (
			);
			name = "[CP] Check Pods Manifest.lock";
			outputPaths = (
			);
			runOnlyForDeploymentPostprocessing = 0;
			shellPath = /bin/sh;
			shellScript = "diff \"${PODS_ROOT}/../Podfile.lock\" \"${PODS_ROOT}/Manifest.lock\" > /dev/null\nif [ $? != 0 ] ; then\n    # print error to STDERR\n    echo \"error: The sandbox is not in sync with the Podfile.lock. Run 'pod install' or update your CocoaPods installation.\" >&2\n    exit 1\nfi\n";
			showEnvVarsInLog = 0;
		};
/* End PBXShellScriptBuildPhase section */

/* Begin PBXSourcesBuildPhase section */
		94924C071D82C79D00CA286E /* Sources */ = {
			isa = PBXSourcesBuildPhase;
			buildActionMask = 2147483647;
			files = (
				949B8DF31D8FBC4D0024D38E /* EpisodeEditViewModel.swift in Sources */,
				94924C231D82C89200CA286E /* SeasonService.swift in Sources */,
				D0E8AA281D984048007EC517 /* EpisodeCreateCoordinator.swift in Sources */,
				D0E8AA261D9833B8007EC517 /* AppCoordinator.swift in Sources */,
				D0E8AA201D9832B5007EC517 /* Coordinator.swift in Sources */,
				94AE30961D86CDF00020A99C /* SeasonDetailViewModel.swift in Sources */,
				949B8DEE1D8EFC9C0024D38E /* EpisodeCreateViewController.swift in Sources */,
				94924C211D82C80400CA286E /* SeasonsTableViewModel.swift in Sources */,
				D0863F721E67FDF400DD044C /* AnotherViewController.swift in Sources */,
				D0D651231DCE56720063853A /* ServiceHolder.swift in Sources */,
				9487B6CA1D8AC4450016432F /* SeasonTableViewCell.swift in Sources */,
				94924C251D82D60700CA286E /* SeasonDetailViewController.swift in Sources */,
				94924C111D82C79D00CA286E /* SeasonsViewController.swift in Sources */,
				94924C0F1D82C79D00CA286E /* AppDelegate.swift in Sources */,
				D0E8AA211D9832B5007EC517 /* SeasonDetailCoordinator.swift in Sources */,
				94924C271D82D6BE00CA286E /* EpisodeDetailViewModel.swift in Sources */,
				949B8DF01D8EFCFD0024D38E /* EpisodeCreateViewModel.swift in Sources */,
				94AE309B1D86CECA0020A99C /* Model.swift in Sources */,
				D0E8AA241D983395007EC517 /* BaseController.swift in Sources */,
				D0B926241DA6DD650055EAD9 /* TabBarCoordinator.swift in Sources */,
				D0863F701E67FDB500DD044C /* AnotherControllerCoordinator.swift in Sources */,
				D0E8AA221D9832B5007EC517 /* SeasonsCoordinator.swift in Sources */,
			);
			runOnlyForDeploymentPostprocessing = 0;
		};
		94AE30831D86B5DC0020A99C /* Sources */ = {
			isa = PBXSourcesBuildPhase;
			buildActionMask = 2147483647;
			files = (
				94AE309C1D86CED30020A99C /* Model.swift in Sources */,
				94AE309F1D86CED90020A99C /* SeasonDetailViewModel.swift in Sources */,
				94AE30931D86B64A0020A99C /* SeasonService.swift in Sources */,
				949B8DF11D8F03F90024D38E /* EpisodeCreateViewModel.swift in Sources */,
				94AE309E1D86CED90020A99C /* SeasonsTableViewModel.swift in Sources */,
				D0863F6E1E67F26200DD044C /* ServiceHolder.swift in Sources */,
				94AE308A1D86B5DC0020A99C /* MVVMTestProjectTests.swift in Sources */,
				94AE30A01D86CED90020A99C /* EpisodeDetailViewModel.swift in Sources */,
			);
			runOnlyForDeploymentPostprocessing = 0;
		};
/* End PBXSourcesBuildPhase section */

/* Begin PBXTargetDependency section */
		94AE308D1D86B5DC0020A99C /* PBXTargetDependency */ = {
			isa = PBXTargetDependency;
			target = 94924C0A1D82C79D00CA286E /* MVVMTestProject */;
			targetProxy = 94AE308C1D86B5DC0020A99C /* PBXContainerItemProxy */;
		};
/* End PBXTargetDependency section */

/* Begin PBXVariantGroup section */
		94924C121D82C79D00CA286E /* Main.storyboard */ = {
			isa = PBXVariantGroup;
			children = (
				94924C131D82C79D00CA286E /* Base */,
			);
			name = Main.storyboard;
			sourceTree = "<group>";
		};
		94924C171D82C79D00CA286E /* LaunchScreen.storyboard */ = {
			isa = PBXVariantGroup;
			children = (
				94924C181D82C79D00CA286E /* Base */,
			);
			name = LaunchScreen.storyboard;
			sourceTree = "<group>";
		};
/* End PBXVariantGroup section */

/* Begin XCBuildConfiguration section */
		94924C1B1D82C79D00CA286E /* Debug */ = {
			isa = XCBuildConfiguration;
			buildSettings = {
				ALWAYS_SEARCH_USER_PATHS = NO;
				CLANG_ANALYZER_NONNULL = YES;
				CLANG_CXX_LANGUAGE_STANDARD = "gnu++0x";
				CLANG_CXX_LIBRARY = "libc++";
				CLANG_ENABLE_MODULES = YES;
				CLANG_ENABLE_OBJC_ARC = YES;
				CLANG_WARN_BOOL_CONVERSION = YES;
				CLANG_WARN_CONSTANT_CONVERSION = YES;
				CLANG_WARN_DIRECT_OBJC_ISA_USAGE = YES_ERROR;
				CLANG_WARN_EMPTY_BODY = YES;
				CLANG_WARN_ENUM_CONVERSION = YES;
				CLANG_WARN_INFINITE_RECURSION = YES;
				CLANG_WARN_INT_CONVERSION = YES;
				CLANG_WARN_OBJC_ROOT_CLASS = YES_ERROR;
				CLANG_WARN_SUSPICIOUS_MOVE = YES;
				CLANG_WARN_UNREACHABLE_CODE = YES;
				CLANG_WARN__DUPLICATE_METHOD_MATCH = YES;
				"CODE_SIGN_IDENTITY[sdk=iphoneos*]" = "iPhone Developer";
				COPY_PHASE_STRIP = NO;
				DEBUG_INFORMATION_FORMAT = dwarf;
				ENABLE_STRICT_OBJC_MSGSEND = YES;
				ENABLE_TESTABILITY = YES;
				GCC_C_LANGUAGE_STANDARD = gnu99;
				GCC_DYNAMIC_NO_PIC = NO;
				GCC_NO_COMMON_BLOCKS = YES;
				GCC_OPTIMIZATION_LEVEL = 0;
				GCC_PREPROCESSOR_DEFINITIONS = (
					"DEBUG=1",
					"$(inherited)",
				);
				GCC_WARN_64_TO_32_BIT_CONVERSION = YES;
				GCC_WARN_ABOUT_RETURN_TYPE = YES_ERROR;
				GCC_WARN_UNDECLARED_SELECTOR = YES;
				GCC_WARN_UNINITIALIZED_AUTOS = YES_AGGRESSIVE;
				GCC_WARN_UNUSED_FUNCTION = YES;
				GCC_WARN_UNUSED_VARIABLE = YES;
				IPHONEOS_DEPLOYMENT_TARGET = 9.3;
				MTL_ENABLE_DEBUG_INFO = YES;
				ONLY_ACTIVE_ARCH = YES;
				SDKROOT = iphoneos;
				SWIFT_OPTIMIZATION_LEVEL = "-Onone";
			};
			name = Debug;
		};
		94924C1C1D82C79D00CA286E /* Release */ = {
			isa = XCBuildConfiguration;
			buildSettings = {
				ALWAYS_SEARCH_USER_PATHS = NO;
				CLANG_ANALYZER_NONNULL = YES;
				CLANG_CXX_LANGUAGE_STANDARD = "gnu++0x";
				CLANG_CXX_LIBRARY = "libc++";
				CLANG_ENABLE_MODULES = YES;
				CLANG_ENABLE_OBJC_ARC = YES;
				CLANG_WARN_BOOL_CONVERSION = YES;
				CLANG_WARN_CONSTANT_CONVERSION = YES;
				CLANG_WARN_DIRECT_OBJC_ISA_USAGE = YES_ERROR;
				CLANG_WARN_EMPTY_BODY = YES;
				CLANG_WARN_ENUM_CONVERSION = YES;
				CLANG_WARN_INFINITE_RECURSION = YES;
				CLANG_WARN_INT_CONVERSION = YES;
				CLANG_WARN_OBJC_ROOT_CLASS = YES_ERROR;
				CLANG_WARN_SUSPICIOUS_MOVE = YES;
				CLANG_WARN_UNREACHABLE_CODE = YES;
				CLANG_WARN__DUPLICATE_METHOD_MATCH = YES;
				"CODE_SIGN_IDENTITY[sdk=iphoneos*]" = "iPhone Developer";
				COPY_PHASE_STRIP = NO;
				DEBUG_INFORMATION_FORMAT = "dwarf-with-dsym";
				ENABLE_NS_ASSERTIONS = NO;
				ENABLE_STRICT_OBJC_MSGSEND = YES;
				GCC_C_LANGUAGE_STANDARD = gnu99;
				GCC_NO_COMMON_BLOCKS = YES;
				GCC_WARN_64_TO_32_BIT_CONVERSION = YES;
				GCC_WARN_ABOUT_RETURN_TYPE = YES_ERROR;
				GCC_WARN_UNDECLARED_SELECTOR = YES;
				GCC_WARN_UNINITIALIZED_AUTOS = YES_AGGRESSIVE;
				GCC_WARN_UNUSED_FUNCTION = YES;
				GCC_WARN_UNUSED_VARIABLE = YES;
				IPHONEOS_DEPLOYMENT_TARGET = 9.3;
				MTL_ENABLE_DEBUG_INFO = NO;
				SDKROOT = iphoneos;
				SWIFT_OPTIMIZATION_LEVEL = "-Owholemodule";
				VALIDATE_PRODUCT = YES;
			};
			name = Release;
		};
		94924C1E1D82C79D00CA286E /* Debug */ = {
			isa = XCBuildConfiguration;
			baseConfigurationReference = 65BAE66753DFA66F9241D092 /* Pods-MVVMTestProject.debug.xcconfig */;
			buildSettings = {
				ALWAYS_EMBED_SWIFT_STANDARD_LIBRARIES = YES;
				ASSETCATALOG_COMPILER_APPICON_NAME = AppIcon;
				CODE_SIGN_IDENTITY = "iPhone Developer";
				INFOPLIST_FILE = testMVVM/Info.plist;
				LD_RUNPATH_SEARCH_PATHS = "$(inherited) @executable_path/Frameworks";
				PRODUCT_BUNDLE_IDENTIFIER = com.thefuntasty.MVVMproject;
				PRODUCT_NAME = "$(TARGET_NAME)";
				SWIFT_VERSION = 3.0;
			};
			name = Debug;
		};
		94924C1F1D82C79D00CA286E /* Release */ = {
			isa = XCBuildConfiguration;
			baseConfigurationReference = A04F71B848679EA3ABB8CCCA /* Pods-MVVMTestProject.release.xcconfig */;
			buildSettings = {
				ALWAYS_EMBED_SWIFT_STANDARD_LIBRARIES = YES;
				ASSETCATALOG_COMPILER_APPICON_NAME = AppIcon;
				CODE_SIGN_IDENTITY = "iPhone Developer";
				INFOPLIST_FILE = testMVVM/Info.plist;
				LD_RUNPATH_SEARCH_PATHS = "$(inherited) @executable_path/Frameworks";
				PRODUCT_BUNDLE_IDENTIFIER = com.thefuntasty.MVVMproject;
				PRODUCT_NAME = "$(TARGET_NAME)";
				SWIFT_VERSION = 3.0;
			};
			name = Release;
		};
		94AE308E1D86B5DC0020A99C /* Debug */ = {
			isa = XCBuildConfiguration;
			baseConfigurationReference = B35CED9192716535E7A9BB15 /* Pods-MVVMTestProjectTests.debug.xcconfig */;
			buildSettings = {
				ALWAYS_EMBED_SWIFT_STANDARD_LIBRARIES = YES;
				BUNDLE_LOADER = "$(TEST_HOST)";
				INFOPLIST_FILE = testMVVMTests/Info.plist;
				LD_RUNPATH_SEARCH_PATHS = "$(inherited) @executable_path/Frameworks @loader_path/Frameworks";
				PRODUCT_BUNDLE_IDENTIFIER = com.thefuntasty.testMVVMTests;
				PRODUCT_NAME = "$(TARGET_NAME)";
				SWIFT_VERSION = 3.0;
				TEST_HOST = "$(BUILT_PRODUCTS_DIR)/MVVMTestProject.app/MVVMTestProject";
			};
			name = Debug;
		};
		94AE308F1D86B5DC0020A99C /* Release */ = {
			isa = XCBuildConfiguration;
			baseConfigurationReference = 2EFA1A9038D97ED37AD61A9C /* Pods-MVVMTestProjectTests.release.xcconfig */;
			buildSettings = {
				ALWAYS_EMBED_SWIFT_STANDARD_LIBRARIES = YES;
				BUNDLE_LOADER = "$(TEST_HOST)";
				INFOPLIST_FILE = testMVVMTests/Info.plist;
				LD_RUNPATH_SEARCH_PATHS = "$(inherited) @executable_path/Frameworks @loader_path/Frameworks";
				PRODUCT_BUNDLE_IDENTIFIER = com.thefuntasty.testMVVMTests;
				PRODUCT_NAME = "$(TARGET_NAME)";
				SWIFT_VERSION = 3.0;
				TEST_HOST = "$(BUILT_PRODUCTS_DIR)/MVVMTestProject.app/MVVMTestProject";
			};
			name = Release;
		};
/* End XCBuildConfiguration section */

/* Begin XCConfigurationList section */
		94924C061D82C79D00CA286E /* Build configuration list for PBXProject "MVVMTestProject" */ = {
			isa = XCConfigurationList;
			buildConfigurations = (
				94924C1B1D82C79D00CA286E /* Debug */,
				94924C1C1D82C79D00CA286E /* Release */,
			);
			defaultConfigurationIsVisible = 0;
			defaultConfigurationName = Release;
		};
		94924C1D1D82C79D00CA286E /* Build configuration list for PBXNativeTarget "MVVMTestProject" */ = {
			isa = XCConfigurationList;
			buildConfigurations = (
				94924C1E1D82C79D00CA286E /* Debug */,
				94924C1F1D82C79D00CA286E /* Release */,
			);
			defaultConfigurationIsVisible = 0;
			defaultConfigurationName = Release;
		};
		94AE30901D86B5DD0020A99C /* Build configuration list for PBXNativeTarget "MVVMTestProjectTests" */ = {
			isa = XCConfigurationList;
			buildConfigurations = (
				94AE308E1D86B5DC0020A99C /* Debug */,
				94AE308F1D86B5DC0020A99C /* Release */,
			);
			defaultConfigurationIsVisible = 0;
			defaultConfigurationName = Release;
		};
/* End XCConfigurationList section */
	};
	rootObject = 94924C031D82C79D00CA286E /* Project object */;
}
